
Microsoft Visual Studio Solution File, Format Version 12.00
# Visual Studio 14
VisualStudioVersion = 14.0.25420.1
MinimumVisualStudioVersion = 10.0.40219.1
Project("{FAE04EC0-301F-11D3-BF4B-00C04F79EFBC}") = "ceramictile.v2", "ceramictile.v2\ceramictile.v2.csproj", "{688C9907-D1C6-4551-A737-782BA31DCA27}"
EndProject
Project("{FAE04EC0-301F-11D3-BF4B-00C04F79EFBC}") = "NetronLight", "NetronLight\NetronLight.csproj", "{6E58DFD7-5154-4AA3-96DF-E562DE00393B}"
EndProject
Project("{FAE04EC0-301F-11D3-BF4B-00C04F79EFBC}") = "ceramictile.v3", "ceramictile.v3\ceramictile.v3.csproj", "{F092747B-4F5B-4E6A-A866-587ADB12BA4E}"
EndProject
Global
	GlobalSection(SolutionConfigurationPlatforms) = preSolution
		Debug|Any CPU = Debug|Any CPU
		Debug|ARM = Debug|ARM
		Debug|x64 = Debug|x64
		Debug|x86 = Debug|x86
		Release|Any CPU = Release|Any CPU
		Release|ARM = Release|ARM
		Release|x64 = Release|x64
		Release|x86 = Release|x86
	EndGlobalSection
	GlobalSection(ProjectConfigurationPlatforms) = postSolution
		{688C9907-D1C6-4551-A737-782BA31DCA27}.Debug|Any CPU.ActiveCfg = Debug|x86
		{688C9907-D1C6-4551-A737-782BA31DCA27}.Debug|ARM.ActiveCfg = Debug|ARM
		{688C9907-D1C6-4551-A737-782BA31DCA27}.Debug|ARM.Build.0 = Debug|ARM
		{688C9907-D1C6-4551-A737-782BA31DCA27}.Debug|ARM.Deploy.0 = Debug|ARM
		{688C9907-D1C6-4551-A737-782BA31DCA27}.Debug|x64.ActiveCfg = Debug|x64
		{688C9907-D1C6-4551-A737-782BA31DCA27}.Debug|x64.Build.0 = Debug|x64
		{688C9907-D1C6-4551-A737-782BA31DCA27}.Debug|x64.Deploy.0 = Debug|x64
		{688C9907-D1C6-4551-A737-782BA31DCA27}.Debug|x86.ActiveCfg = Debug|x86
		{688C9907-D1C6-4551-A737-782BA31DCA27}.Debug|x86.Build.0 = Debug|x86
		{688C9907-D1C6-4551-A737-782BA31DCA27}.Debug|x86.Deploy.0 = Debug|x86
		{688C9907-D1C6-4551-A737-782BA31DCA27}.Release|Any CPU.ActiveCfg = Release|x86
		{688C9907-D1C6-4551-A737-782BA31DCA27}.Release|ARM.ActiveCfg = Release|ARM
		{688C9907-D1C6-4551-A737-782BA31DCA27}.Release|ARM.Build.0 = Release|ARM
		{688C9907-D1C6-4551-A737-782BA31DCA27}.Release|ARM.Deploy.0 = Release|ARM
		{688C9907-D1C6-4551-A737-782BA31DCA27}.Release|x64.ActiveCfg = Release|x64
		{688C9907-D1C6-4551-A737-782BA31DCA27}.Release|x64.Build.0 = Release|x64
		{688C9907-D1C6-4551-A737-782BA31DCA27}.Release|x64.Deploy.0 = Release|x64
		{688C9907-D1C6-4551-A737-782BA31DCA27}.Release|x86.ActiveCfg = Release|x86
		{688C9907-D1C6-4551-A737-782BA31DCA27}.Release|x86.Build.0 = Release|x86
		{688C9907-D1C6-4551-A737-782BA31DCA27}.Release|x86.Deploy.0 = Release|x86
		{6E58DFD7-5154-4AA3-96DF-E562DE00393B}.Debug|Any CPU.ActiveCfg = Debug|Any CPU
		{6E58DFD7-5154-4AA3-96DF-E562DE00393B}.Debug|Any CPU.Build.0 = Debug|Any CPU
		{6E58DFD7-5154-4AA3-96DF-E562DE00393B}.Debug|ARM.ActiveCfg = Debug|Any CPU
		{6E58DFD7-5154-4AA3-96DF-E562DE00393B}.Debug|ARM.Build.0 = Debug|Any CPU
		{6E58DFD7-5154-4AA3-96DF-E562DE00393B}.Debug|x64.ActiveCfg = Debug|Any CPU
		{6E58DFD7-5154-4AA3-96DF-E562DE00393B}.Debug|x64.Build.0 = Debug|Any CPU
		{6E58DFD7-5154-4AA3-96DF-E562DE00393B}.Debug|x86.ActiveCfg = Debug|Any CPU
		{6E58DFD7-5154-4AA3-96DF-E562DE00393B}.Debug|x86.Build.0 = Debug|Any CPU
		{6E58DFD7-5154-4AA3-96DF-E562DE00393B}.Release|Any CPU.ActiveCfg = Release|Any CPU
		{6E58DFD7-5154-4AA3-96DF-E562DE00393B}.Release|Any CPU.Build.0 = Release|Any CPU
		{6E58DFD7-5154-4AA3-96DF-E562DE00393B}.Release|ARM.ActiveCfg = Release|Any CPU
		{6E58DFD7-5154-4AA3-96DF-E562DE00393B}.Release|ARM.Build.0 = Release|Any CPU
		{6E58DFD7-5154-4AA3-96DF-E562DE00393B}.Release|x64.ActiveCfg = Release|Any CPU
		{6E58DFD7-5154-4AA3-96DF-E562DE00393B}.Release|x64.Build.0 = Release|Any CPU
		{6E58DFD7-5154-4AA3-96DF-E562DE00393B}.Release|x86.ActiveCfg = Release|Any CPU
		{6E58DFD7-5154-4AA3-96DF-E562DE00393B}.Release|x86.Build.0 = Release|Any CPU
		{F092747B-4F5B-4E6A-A866-587ADB12BA4E}.Debug|Any CPU.ActiveCfg = Debug|Any CPU
		{F092747B-4F5B-4E6A-A866-587ADB12BA4E}.Debug|Any CPU.Build.0 = Debug|Any CPU
		{F092747B-4F5B-4E6A-A866-587ADB12BA4E}.Debug|ARM.ActiveCfg = Debug|Any CPU
		{F092747B-4F5B-4E6A-A866-587ADB12BA4E}.Debug|ARM.Build.0 = Debug|Any CPU
		{F092747B-4F5B-4E6A-A866-587ADB12BA4E}.Debug|x64.ActiveCfg = Debug|Any CPU
		{F092747B-4F5B-4E6A-A866-587ADB12BA4E}.Debug|x64.Build.0 = Debug|Any CPU
		{F092747B-4F5B-4E6A-A866-587ADB12BA4E}.Debug|x86.ActiveCfg = Debug|Any CPU
		{F092747B-4F5B-4E6A-A866-587ADB12BA4E}.Debug|x86.Build.0 = Debug|Any CPU
		{F092747B-4F5B-4E6A-A866-587ADB12BA4E}.Release|Any CPU.ActiveCfg = Release|Any CPU
		{F092747B-4F5B-4E6A-A866-587ADB12BA4E}.Release|Any CPU.Build.0 = Release|Any CPU
		{F092747B-4F5B-4E6A-A866-587ADB12BA4E}.Release|ARM.ActiveCfg = Release|Any CPU
		{F092747B-4F5B-4E6A-A866-587ADB12BA4E}.Release|ARM.Build.0 = Release|Any CPU
		{F092747B-4F5B-4E6A-A866-587ADB12BA4E}.Release|x64.ActiveCfg = Release|Any CPU
		{F092747B-4F5B-4E6A-A866-587ADB12BA4E}.Release|x64.Build.0 = Release|Any CPU
		{F092747B-4F5B-4E6A-A866-587ADB12BA4E}.Release|x86.ActiveCfg = Release|Any CPU
		{F092747B-4F5B-4E6A-A866-587ADB12BA4E}.Release|x86.Build.0 = Release|Any CPU
	EndGlobalSection
	GlobalSection(SolutionProperties) = preSolution
		HideSolutionNode = FALSE
	EndGlobalSection
EndGlobal
